
Microsoft Visual Studio Solution File, Format Version 12.00
# Visual Studio 15
VisualStudioVersion = 15.0.28010.2046
MinimumVisualStudioVersion = 10.0.40219.1
Project("{FAE04EC0-301F-11D3-BF4B-00C04F79EFBC}") = "MAL_Reviewer_API", "MAL_Reviewer_API\MAL_Reviewer_API.csproj", "{3DAF19BB-E29B-4E5B-9C48-2E634933C03B}"
EndProject
Project("{FAE04EC0-301F-11D3-BF4B-00C04F79EFBC}") = "MAL_Reviewer_UI", "MAL_Reviewer_UI\MAL_Reviewer_UI.csproj", "{75B6EDAD-72E0-4343-B9F2-187C8DA035A7}"
EndProject
Project("{FAE04EC0-301F-11D3-BF4B-00C04F79EFBC}") = "MAL_Reviewer_Sandbox", "MAL_Reviewer_Sandbox\MAL_Reviewer_Sandbox.csproj", "{01DE1657-8018-48E6-B1D2-02A3E0EA2927}"
EndProject
Project("{FAE04EC0-301F-11D3-BF4B-00C04F79EFBC}") = "MAL_Reviewer_Core", "MAL_Reviewer_Core\MAL_Reviewer_Core.csproj", "{B2E0795B-0A84-442C-8C19-659E63B45CC0}"
EndProject
Global
	GlobalSection(SolutionConfigurationPlatforms) = preSolution
		Debug|Any CPU = Debug|Any CPU
		Release|Any CPU = Release|Any CPU
	EndGlobalSection
	GlobalSection(ProjectConfigurationPlatforms) = postSolution
		{3DAF19BB-E29B-4E5B-9C48-2E634933C03B}.Debug|Any CPU.ActiveCfg = Debug|Any CPU
		{3DAF19BB-E29B-4E5B-9C48-2E634933C03B}.Debug|Any CPU.Build.0 = Debug|Any CPU
		{3DAF19BB-E29B-4E5B-9C48-2E634933C03B}.Release|Any CPU.ActiveCfg = Release|Any CPU
		{3DAF19BB-E29B-4E5B-9C48-2E634933C03B}.Release|Any CPU.Build.0 = Release|Any CPU
		{75B6EDAD-72E0-4343-B9F2-187C8DA035A7}.Debug|Any CPU.ActiveCfg = Debug|Any CPU
		{75B6EDAD-72E0-4343-B9F2-187C8DA035A7}.Debug|Any CPU.Build.0 = Debug|Any CPU
		{75B6EDAD-72E0-4343-B9F2-187C8DA035A7}.Release|Any CPU.ActiveCfg = Release|Any CPU
		{75B6EDAD-72E0-4343-B9F2-187C8DA035A7}.Release|Any CPU.Build.0 = Release|Any CPU
		{01DE1657-8018-48E6-B1D2-02A3E0EA2927}.Debug|Any CPU.ActiveCfg = Debug|Any CPU
		{01DE1657-8018-48E6-B1D2-02A3E0EA2927}.Debug|Any CPU.Build.0 = Debug|Any CPU
		{01DE1657-8018-48E6-B1D2-02A3E0EA2927}.Release|Any CPU.ActiveCfg = Release|Any CPU
		{01DE1657-8018-48E6-B1D2-02A3E0EA2927}.Release|Any CPU.Build.0 = Release|Any CPU
		{B2E0795B-0A84-442C-8C19-659E63B45CC0}.Debug|Any CPU.ActiveCfg = Debug|Any CPU
		{B2E0795B-0A84-442C-8C19-659E63B45CC0}.Debug|Any CPU.Build.0 = Debug|Any CPU
		{B2E0795B-0A84-442C-8C19-659E63B45CC0}.Release|Any CPU.ActiveCfg = Release|Any CPU
		{B2E0795B-0A84-442C-8C19-659E63B45CC0}.Release|Any CPU.Build.0 = Release|Any CPU
	EndGlobalSection
	GlobalSection(SolutionProperties) = preSolution
		HideSolutionNode = FALSE
	EndGlobalSection
	GlobalSection(ExtensibilityGlobals) = postSolution
		SolutionGuid = {AAD24D05-9431-49BE-B46E-A3014F82B469}
	EndGlobalSection
EndGlobal
